lockfileVersion: '9.0'

settings:
  autoInstallPeers: true
  excludeLinksFromLockfile: false

importers:

  .:
    devDependencies:
      '@biomejs/biome':
        specifier: ^2.4.9
        version: 2.4.9
      type-fest:
        specifier: ^5.1.0
        version: 5.1.0
      typescript:
        specifier: ^5.9.2
        version: 5.9.3

packages:

  '@biomejs/biome@2.4.9':
    resolution: {integrity: sha512-wvZW92FrwitTcacvCBT8xdAbfbxWfDLwjYMmU3djjqQTh7Ni4ZdiWIT/x5VcZ+RQuxiKzIOzi5D+dcyJDFZMsA==}
    engines: {node: '>=14.21.3'}
    hasBin: true

  '@biomejs/cli-darwin-arm64@2.4.9':
    resolution: {integrity: sha512-d5G8Gf2RpH5pYwiHLPA+UpG3G9TLQu4WM+VK6sfL7K68AmhcEQ9r+nkj/DvR/GYhYox6twsHUtmWWWIKfcfQQA==}
    engines: {node: '>=14.21.3'}
    cpu: [arm64]
    os: [darwin]

  '@biomejs/cli-darwin-x64@2.4.9':
    resolution: {integrity: sha512-LNCLNgqDMG7BLdc3a8aY/dwKPK7+R8/JXJoXjCvZh2gx8KseqBdFDKbhrr7HCWF8SzNhbTaALhTBoh/I6rf9lA==}
    engines: {node: '>=14.21.3'}
    cpu: [x64]
    os: [darwin]

  '@biomejs/cli-linux-arm64-musl@2.4.9':
    resolution: {integrity: sha512-8RCww5xnPn2wpK4L/QDGDOW0dq80uVWfppPxHIUg6mOs9B6gRmqPp32h1Ls3T8GnW8Wo5A8u7vpTwz4fExN+sw==}
    engines: {node: '>=14.21.3'}
    cpu: [arm64]
    os: [linux]

  '@biomejs/cli-linux-arm64@2.4.9':
    resolution: {integrity: sha512-4adnkAUi6K4C/emPRgYznMOcLlUqZdXWM6aIui4VP4LraE764g6Q4YguygnAUoxKjKIXIWPteKMgRbN0wsgwcg==}
    engines: {node: '>=14.21.3'}
    cpu: [arm64]
    os: [linux]

  '@biomejs/cli-linux-x64-musl@2.4.9':
    resolution: {integrity: sha512-5TD+WS9v5vzXKzjetF0hgoaNFHMcpQeBUwKKVi3JbG1e9UCrFuUK3Gt185fyTzvRdwYkJJEMqglRPjmesmVv4A==}
    engines: {node: '>=14.21.3'}
    cpu: [x64]
    os: [linux]

  '@biomejs/cli-linux-x64@2.4.9':
    resolution: {integrity: sha512-L10na7POF0Ks/cgLFNF1ZvIe+X4onLkTi5oP9hY+Rh60Q+7fWzKDDCeGyiHUFf1nGIa9dQOOUPGe2MyYg8nMSQ==}
    engines: {node: '>=14.21.3'}
    cpu: [x64]
    os: [linux]

  '@biomejs/cli-win32-arm64@2.4.9':
    resolution: {integrity: sha512-aDZr0RBC3sMGJOU10BvG7eZIlWLK/i51HRIfScE2lVhfts2dQTreowLiJJd+UYg/tHKxS470IbzpuKmd0MiD6g==}
    engines: {node: '>=14.21.3'}
    cpu: [arm64]
    os: [win32]

  '@biomejs/cli-win32-x64@2.4.9':
    resolution: {integrity: sha512-NS4g/2G9SoQ4ktKtz31pvyc/rmgzlcIDCGU/zWbmHJAqx6gcRj2gj5Q/guXhoWTzCUaQZDIqiCQXHS7BcGYc0w==}
    engines: {node: '>=14.21.3'}
    cpu: [x64]
    os: [win32]

  tagged-tag@1.0.0:
    resolution: {integrity: sha512-yEFYrVhod+hdNyx7g5Bnkkb0G6si8HJurOoOEgC8B/O0uXLHlaey/65KRv6cuWBNhBgHKAROVpc7QyYqE5gFng==}
    engines: {node: '>=20'}

  type-fest@5.1.0:
    resolution: {integrity: sha512-wQ531tuWvB6oK+pchHIu5lHe5f5wpSCqB8Kf4dWQRbOYc9HTge7JL0G4Qd44bh6QuJCccIzL3bugb8GI0MwHrg==}
    engines: {node: '>=20'}

  typescript@5.9.3:
    resolution: {integrity: sha512-jl1vZzPDinLr9eUt3J/t7V6FgNEw9QjvBPdysz9KfQDD41fQrC2Y4vKQdiaUpFT4bXlb1RHhLpp8wtm6M5TgSw==}
    engines: {node: '>=14.17'}
    hasBin: true

snapshots:

  '@biomejs/biome@2.4.9':
    optionalDependencies:
      '@biomejs/cli-darwin-arm64': 2.4.9
      '@biomejs/cli-darwin-x64': 2.4.9
      '@biomejs/cli-linux-arm64': 2.4.9
      '@biomejs/cli-linux-arm64-musl': 2.4.9
      '@biomejs/cli-linux-x64': 2.4.9
      '@biomejs/cli-linux-x64-musl': 2.4.9
      '@biomejs/cli-win32-arm64': 2.4.9
      '@biomejs/cli-win32-x64': 2.4.9

  '@biomejs/cli-darwin-arm64@2.4.9':
    optional: true

  '@biomejs/cli-darwin-x64@2.4.9':
    optional: true

  '@biomejs/cli-linux-arm64-musl@2.4.9':
    optional: true

  '@biomejs/cli-linux-arm64@2.4.9':
    optional: true

  '@biomejs/cli-linux-x64-musl@2.4.9':
    optional: true

  '@biomejs/cli-linux-x64@2.4.9':
    optional: true

  '@biomejs/cli-win32-arm64@2.4.9':
    optional: true

  '@biomejs/cli-win32-x64@2.4.9':
    optional: true

  tagged-tag@1.0.0: {}

  type-fest@5.1.0:
    dependencies:
      tagged-tag: 1.0.0

  typescript@5.9.3: {}
